
Microsoft Visual Studio Solution File, Format Version 12.00
# Visual Studio 15
VisualStudioVersion = 15.0.26403.7
MinimumVisualStudioVersion = 10.0.40219.1
Project("{FAE04EC0-301F-11D3-BF4B-00C04F79EFBC}") = "Aula3107_Console", "Aula3107_Console\Aula3107_Console.csproj", "{89C466EF-7BC6-4B43-892E-2287690C348B}"
EndProject
Project("{FAE04EC0-301F-11D3-BF4B-00C04F79EFBC}") = "Aula0208_POO", "Aula0208_POO\Aula0208_POO.csproj", "{9F7F04B2-8FCD-4997-B23B-C5B9F2A036B2}"
EndProject
Project("{FAE04EC0-301F-11D3-BF4B-00C04F79EFBC}") = "Aula0708_WPF", "Aula0708_WPF\Aula0708_WPF.csproj", "{5B955F2A-2B39-49B9-BB62-DAE62C1065D1}"
EndProject
Project("{FAE04EC0-301F-11D3-BF4B-00C04F79EFBC}") = "Eleicoes", "Eleicoes\Eleicoes.csproj", "{898F2935-CE13-418C-A81E-B86CBF3FA54A}"
EndProject
Project("{FAE04EC0-301F-11D3-BF4B-00C04F79EFBC}") = "Aula1408_EntityFramework1", "Aula1408_EntityFramework1\Aula1408_EntityFramework1.csproj", "{D23C55C8-387E-4A58-B1F4-11A4F7D5DD1E}"
EndProject
Project("{FAE04EC0-301F-11D3-BF4B-00C04F79EFBC}") = "Aula1608_EFDatabaseFirst", "Aula1608_EFDatabaseFirst\Aula1608_EFDatabaseFirst.csproj", "{8D4D9FCF-7C98-431B-9569-953421F8AA76}"
EndProject
Project("{FAE04EC0-301F-11D3-BF4B-00C04F79EFBC}") = "Aula2108_CodeFirst", "Aula2108_CodeFirst\Aula2108_CodeFirst.csproj", "{65D2631F-E774-4594-BDA1-36745DE880CC}"
EndProject
Project("{FAE04EC0-301F-11D3-BF4B-00C04F79EFBC}") = "Aula2808_WPF", "Aula2808_WPF\Aula2808_WPF.csproj", "{E6616A75-B6AB-483E-8E69-A3067DF95DDD}"
EndProject
Project("{FAE04EC0-301F-11D3-BF4B-00C04F79EFBC}") = "Aula0609_MVVM", "Aula0609_MVVM\Aula0609_MVVM.csproj", "{5E2723C6-9A8D-4923-9C45-D4D27D7F8A04}"
EndProject
Global
	GlobalSection(SolutionConfigurationPlatforms) = preSolution
		Debug|Any CPU = Debug|Any CPU
		Release|Any CPU = Release|Any CPU
	EndGlobalSection
	GlobalSection(ProjectConfigurationPlatforms) = postSolution
		{89C466EF-7BC6-4B43-892E-2287690C348B}.Debug|Any CPU.ActiveCfg = Debug|Any CPU
		{89C466EF-7BC6-4B43-892E-2287690C348B}.Debug|Any CPU.Build.0 = Debug|Any CPU
		{89C466EF-7BC6-4B43-892E-2287690C348B}.Release|Any CPU.ActiveCfg = Release|Any CPU
		{89C466EF-7BC6-4B43-892E-2287690C348B}.Release|Any CPU.Build.0 = Release|Any CPU
		{9F7F04B2-8FCD-4997-B23B-C5B9F2A036B2}.Debug|Any CPU.ActiveCfg = Debug|Any CPU
		{9F7F04B2-8FCD-4997-B23B-C5B9F2A036B2}.Debug|Any CPU.Build.0 = Debug|Any CPU
		{9F7F04B2-8FCD-4997-B23B-C5B9F2A036B2}.Release|Any CPU.ActiveCfg = Release|Any CPU
		{9F7F04B2-8FCD-4997-B23B-C5B9F2A036B2}.Release|Any CPU.Build.0 = Release|Any CPU
		{5B955F2A-2B39-49B9-BB62-DAE62C1065D1}.Debug|Any CPU.ActiveCfg = Debug|Any CPU
		{5B955F2A-2B39-49B9-BB62-DAE62C1065D1}.Debug|Any CPU.Build.0 = Debug|Any CPU
		{5B955F2A-2B39-49B9-BB62-DAE62C1065D1}.Release|Any CPU.ActiveCfg = Release|Any CPU
		{5B955F2A-2B39-49B9-BB62-DAE62C1065D1}.Release|Any CPU.Build.0 = Release|Any CPU
		{898F2935-CE13-418C-A81E-B86CBF3FA54A}.Debug|Any CPU.ActiveCfg = Debug|Any CPU
		{898F2935-CE13-418C-A81E-B86CBF3FA54A}.Debug|Any CPU.Build.0 = Debug|Any CPU
		{898F2935-CE13-418C-A81E-B86CBF3FA54A}.Release|Any CPU.ActiveCfg = Release|Any CPU
		{898F2935-CE13-418C-A81E-B86CBF3FA54A}.Release|Any CPU.Build.0 = Release|Any CPU
		{D23C55C8-387E-4A58-B1F4-11A4F7D5DD1E}.Debug|Any CPU.ActiveCfg = Debug|Any CPU
		{D23C55C8-387E-4A58-B1F4-11A4F7D5DD1E}.Debug|Any CPU.Build.0 = Debug|Any CPU
		{D23C55C8-387E-4A58-B1F4-11A4F7D5DD1E}.Release|Any CPU.ActiveCfg = Release|Any CPU
		{D23C55C8-387E-4A58-B1F4-11A4F7D5DD1E}.Release|Any CPU.Build.0 = Release|Any CPU
		{8D4D9FCF-7C98-431B-9569-953421F8AA76}.Debug|Any CPU.ActiveCfg = Debug|Any CPU
		{8D4D9FCF-7C98-431B-9569-953421F8AA76}.Debug|Any CPU.Build.0 = Debug|Any CPU
		{8D4D9FCF-7C98-431B-9569-953421F8AA76}.Release|Any CPU.ActiveCfg = Release|Any CPU
		{8D4D9FCF-7C98-431B-9569-953421F8AA76}.Release|Any CPU.Build.0 = Release|Any CPU
		{65D2631F-E774-4594-BDA1-36745DE880CC}.Debug|Any CPU.ActiveCfg = Debug|Any CPU
		{65D2631F-E774-4594-BDA1-36745DE880CC}.Debug|Any CPU.Build.0 = Debug|Any CPU
		{65D2631F-E774-4594-BDA1-36745DE880CC}.Release|Any CPU.ActiveCfg = Release|Any CPU
		{65D2631F-E774-4594-BDA1-36745DE880CC}.Release|Any CPU.Build.0 = Release|Any CPU
		{E6616A75-B6AB-483E-8E69-A3067DF95DDD}.Debug|Any CPU.ActiveCfg = Debug|Any CPU
		{E6616A75-B6AB-483E-8E69-A3067DF95DDD}.Debug|Any CPU.Build.0 = Debug|Any CPU
		{E6616A75-B6AB-483E-8E69-A3067DF95DDD}.Release|Any CPU.ActiveCfg = Release|Any CPU
		{E6616A75-B6AB-483E-8E69-A3067DF95DDD}.Release|Any CPU.Build.0 = Release|Any CPU
		{5E2723C6-9A8D-4923-9C45-D4D27D7F8A04}.Debug|Any CPU.ActiveCfg = Debug|Any CPU
		{5E2723C6-9A8D-4923-9C45-D4D27D7F8A04}.Debug|Any CPU.Build.0 = Debug|Any CPU
		{5E2723C6-9A8D-4923-9C45-D4D27D7F8A04}.Release|Any CPU.ActiveCfg = Release|Any CPU
		{5E2723C6-9A8D-4923-9C45-D4D27D7F8A04}.Release|Any CPU.Build.0 = Release|Any CPU
	EndGlobalSection
	GlobalSection(SolutionProperties) = preSolution
		HideSolutionNode = FALSE
	EndGlobalSection
	GlobalSection(ExtensibilityGlobals) = postSolution
		SolutionGuid = {1C0A3E04-D7AD-4353-91DE-BDCE606BBC4A}
	EndGlobalSection
EndGlobal
